{
  "name": "cdo",
  "lockfileVersion": 3,
  "requires": true,
  "packages": {
    "": {
      "dependencies": {
        "keycloak-js": "^26.0.2"
      }
    },
    "node_modules/keycloak-js": {
      "version": "26.0.2",
      "resolved": "https://registry.npmjs.org/keycloak-js/-/keycloak-js-26.0.2.tgz",
      "integrity": "sha512-c77fNwTBDaNtlewrG/CREwZYGNe/QvL72o3/8/EIsvjphPVrXobvAcQG6DxBy82Ah9e3ASUPxAyyA+jPVEgOsg==",
      "license": "Apache-2.0"
    }
  }
}
